
Microsoft Visual Studio Solution File, Format Version 12.00
# Visual Studio Version 17
VisualStudioVersion = 17.1.32328.378
MinimumVisualStudioVersion = 10.0.40219.1
Project("{9A19103F-16F7-4668-BE54-9A1E7A4F7556}") = "ZRO06A_HFT_2021221.Client", "ZRO06A_HFT_2021221.Client\ZRO06A_HFT_2021221.Client.csproj", "{0D035FC5-BEC2-4102-8850-425CB472DCFA}"
EndProject
Project("{9A19103F-16F7-4668-BE54-9A1E7A4F7556}") = "ZRO06A_HFT_2021221.Models", "ZRO06A_HFT_2021221.Models\ZRO06A_HFT_2021221.Models.csproj", "{51187448-4E8F-4972-94BC-6659EB166940}"
EndProject
Project("{9A19103F-16F7-4668-BE54-9A1E7A4F7556}") = "ZRO06A_HFT_2021221.Data", "ZRO06A_HFT_2021221.Data\ZRO06A_HFT_2021221.Data.csproj", "{7EB8AC4D-8914-4065-BB07-889474B9BC2D}"
EndProject
Project("{9A19103F-16F7-4668-BE54-9A1E7A4F7556}") = "ZRO06A_HFT_2021221.Logic", "ZRO06A_HFT_2021221.Logic\ZRO06A_HFT_2021221.Logic.csproj", "{93BDD44A-C4BC-4220-AA88-633BDB4B763A}"
EndProject
Project("{9A19103F-16F7-4668-BE54-9A1E7A4F7556}") = "ZRO06A_HFT_2021221.Repository", "ZRO06A_HFT_2021221.Repository\ZRO06A_HFT_2021221.Repository.csproj", "{D7D8C0C7-4543-4C26-A777-DE354B239B87}"
EndProject
Project("{9A19103F-16F7-4668-BE54-9A1E7A4F7556}") = "ZRO06A_HFT_2021221.Endpoint", "ZRO06A_HFT_2021221.Endpoint\ZRO06A_HFT_2021221.Endpoint.csproj", "{02B2CE96-BF9B-4B85-8159-45B1E6475D7B}"
EndProject
Project("{9A19103F-16F7-4668-BE54-9A1E7A4F7556}") = "ZRO06A_HFT_2021221.Test", "ZRO06A_HFT_2021221.Test\ZRO06A_HFT_2021221.Test.csproj", "{C6ABAC38-EB1C-4F7C-8666-82743607D4A3}"
EndProject
Project("{2150E333-8FDC-42A3-9474-1A3956D46DE8}") = "Backend", "Backend", "{1A959247-108A-4E98-BCB5-4A4A141EFF19}"
EndProject
Project("{2150E333-8FDC-42A3-9474-1A3956D46DE8}") = "Frontend", "Frontend", "{54B7981E-7A96-4A75-B721-5AFD4A28BC61}"
EndProject
Project("{2150E333-8FDC-42A3-9474-1A3956D46DE8}") = "Shared", "Shared", "{2F689F14-5983-4788-B973-8438B7BFDCDA}"
EndProject
Project("{2150E333-8FDC-42A3-9474-1A3956D46DE8}") = "Others", "Others", "{646F9A7A-9889-4913-BAF6-DF23B59BE37F}"
	ProjectSection(SolutionItems) = preProject
		.gitignore = .gitignore
	EndProjectSection
EndProject
Project("{9A19103F-16F7-4668-BE54-9A1E7A4F7556}") = "ZRO06A_HFT_2021221.WPFClient", "ZRO06A_HFT_2021221.WPFClient\ZRO06A_HFT_2021221.WPFClient.csproj", "{FE9943CA-9ADF-48BD-B93E-7A5439479935}"
EndProject
Global
	GlobalSection(SolutionConfigurationPlatforms) = preSolution
		Debug|Any CPU = Debug|Any CPU
		Release|Any CPU = Release|Any CPU
	EndGlobalSection
	GlobalSection(ProjectConfigurationPlatforms) = postSolution
		{0D035FC5-BEC2-4102-8850-425CB472DCFA}.Debug|Any CPU.ActiveCfg = Debug|Any CPU
		{0D035FC5-BEC2-4102-8850-425CB472DCFA}.Debug|Any CPU.Build.0 = Debug|Any CPU
		{0D035FC5-BEC2-4102-8850-425CB472DCFA}.Release|Any CPU.ActiveCfg = Release|Any CPU
		{0D035FC5-BEC2-4102-8850-425CB472DCFA}.Release|Any CPU.Build.0 = Release|Any CPU
		{51187448-4E8F-4972-94BC-6659EB166940}.Debug|Any CPU.ActiveCfg = Debug|Any CPU
		{51187448-4E8F-4972-94BC-6659EB166940}.Debug|Any CPU.Build.0 = Debug|Any CPU
		{51187448-4E8F-4972-94BC-6659EB166940}.Release|Any CPU.ActiveCfg = Release|Any CPU
		{51187448-4E8F-4972-94BC-6659EB166940}.Release|Any CPU.Build.0 = Release|Any CPU
		{7EB8AC4D-8914-4065-BB07-889474B9BC2D}.Debug|Any CPU.ActiveCfg = Debug|Any CPU
		{7EB8AC4D-8914-4065-BB07-889474B9BC2D}.Debug|Any CPU.Build.0 = Debug|Any CPU
		{7EB8AC4D-8914-4065-BB07-889474B9BC2D}.Release|Any CPU.ActiveCfg = Release|Any CPU
		{7EB8AC4D-8914-4065-BB07-889474B9BC2D}.Release|Any CPU.Build.0 = Release|Any CPU
		{93BDD44A-C4BC-4220-AA88-633BDB4B763A}.Debug|Any CPU.ActiveCfg = Debug|Any CPU
		{93BDD44A-C4BC-4220-AA88-633BDB4B763A}.Debug|Any CPU.Build.0 = Debug|Any CPU
		{93BDD44A-C4BC-4220-AA88-633BDB4B763A}.Release|Any CPU.ActiveCfg = Release|Any CPU
		{93BDD44A-C4BC-4220-AA88-633BDB4B763A}.Release|Any CPU.Build.0 = Release|Any CPU
		{D7D8C0C7-4543-4C26-A777-DE354B239B87}.Debug|Any CPU.ActiveCfg = Debug|Any CPU
		{D7D8C0C7-4543-4C26-A777-DE354B239B87}.Debug|Any CPU.Build.0 = Debug|Any CPU
		{D7D8C0C7-4543-4C26-A777-DE354B239B87}.Release|Any CPU.ActiveCfg = Release|Any CPU
		{D7D8C0C7-4543-4C26-A777-DE354B239B87}.Release|Any CPU.Build.0 = Release|Any CPU
		{02B2CE96-BF9B-4B85-8159-45B1E6475D7B}.Debug|Any CPU.ActiveCfg = Debug|Any CPU
		{02B2CE96-BF9B-4B85-8159-45B1E6475D7B}.Debug|Any CPU.Build.0 = Debug|Any CPU
		{02B2CE96-BF9B-4B85-8159-45B1E6475D7B}.Release|Any CPU.ActiveCfg = Release|Any CPU
		{02B2CE96-BF9B-4B85-8159-45B1E6475D7B}.Release|Any CPU.Build.0 = Release|Any CPU
		{C6ABAC38-EB1C-4F7C-8666-82743607D4A3}.Debug|Any CPU.ActiveCfg = Debug|Any CPU
		{C6ABAC38-EB1C-4F7C-8666-82743607D4A3}.Debug|Any CPU.Build.0 = Debug|Any CPU
		{C6ABAC38-EB1C-4F7C-8666-82743607D4A3}.Release|Any CPU.ActiveCfg = Release|Any CPU
		{C6ABAC38-EB1C-4F7C-8666-82743607D4A3}.Release|Any CPU.Build.0 = Release|Any CPU
		{FE9943CA-9ADF-48BD-B93E-7A5439479935}.Debug|Any CPU.ActiveCfg = Debug|Any CPU
		{FE9943CA-9ADF-48BD-B93E-7A5439479935}.Debug|Any CPU.Build.0 = Debug|Any CPU
		{FE9943CA-9ADF-48BD-B93E-7A5439479935}.Release|Any CPU.ActiveCfg = Release|Any CPU
		{FE9943CA-9ADF-48BD-B93E-7A5439479935}.Release|Any CPU.Build.0 = Release|Any CPU
	EndGlobalSection
	GlobalSection(SolutionProperties) = preSolution
		HideSolutionNode = FALSE
	EndGlobalSection
	GlobalSection(NestedProjects) = preSolution
		{0D035FC5-BEC2-4102-8850-425CB472DCFA} = {54B7981E-7A96-4A75-B721-5AFD4A28BC61}
		{51187448-4E8F-4972-94BC-6659EB166940} = {2F689F14-5983-4788-B973-8438B7BFDCDA}
		{7EB8AC4D-8914-4065-BB07-889474B9BC2D} = {1A959247-108A-4E98-BCB5-4A4A141EFF19}
		{93BDD44A-C4BC-4220-AA88-633BDB4B763A} = {1A959247-108A-4E98-BCB5-4A4A141EFF19}
		{D7D8C0C7-4543-4C26-A777-DE354B239B87} = {1A959247-108A-4E98-BCB5-4A4A141EFF19}
		{02B2CE96-BF9B-4B85-8159-45B1E6475D7B} = {1A959247-108A-4E98-BCB5-4A4A141EFF19}
		{C6ABAC38-EB1C-4F7C-8666-82743607D4A3} = {1A959247-108A-4E98-BCB5-4A4A141EFF19}
		{FE9943CA-9ADF-48BD-B93E-7A5439479935} = {54B7981E-7A96-4A75-B721-5AFD4A28BC61}
	EndGlobalSection
	GlobalSection(ExtensibilityGlobals) = postSolution
		SolutionGuid = {8D833FC5-F7BA-47E7-8EDE-3D48CB0873AC}
	EndGlobalSection
EndGlobal
